
Microsoft Visual Studio Solution File, Format Version 12.00
# Visual Studio 14
VisualStudioVersion = 14.0.25123.0
MinimumVisualStudioVersion = 10.0.40219.1
Project("{FAE04EC0-301F-11D3-BF4B-00C04F79EFBC}") = "LiftManager.Droid", "LiftManager\LiftManager.Droid\LiftManager.Droid.csproj", "{493A9CA0-5ADF-4885-B16D-E8D176DAEF46}"
EndProject
Project("{FAE04EC0-301F-11D3-BF4B-00C04F79EFBC}") = "LiftManager.iOS", "LiftManager\LiftManager.iOS\LiftManager.iOS.csproj", "{B1F8F471-B27A-4218-B01C-3E688EBD7AF2}"
EndProject
Project("{FAE04EC0-301F-11D3-BF4B-00C04F79EFBC}") = "LiftManager.WinPhone", "LiftManager\LiftManager.WinPhone\LiftManager.WinPhone.csproj", "{79988F30-719C-4FC4-ADF1-BC7E1AD365F0}"
EndProject
Project("{FAE04EC0-301F-11D3-BF4B-00C04F79EFBC}") = "LiftManager.UWP", "LiftManager\LiftManager.UWP\LiftManager.UWP.csproj", "{691C8F99-3881-4770-8065-2204A110C5E7}"
EndProject
Project("{FAE04EC0-301F-11D3-BF4B-00C04F79EFBC}") = "LiftManager.Windows", "LiftManager\LiftManager.Windows\LiftManager.Windows.csproj", "{1D84BBB4-634D-4963-A27D-DEBE962775EC}"
EndProject
Project("{FAE04EC0-301F-11D3-BF4B-00C04F79EFBC}") = "LiftManager", "LiftManager\LiftManager\LiftManager.csproj", "{68FDB09B-B2AB-4B53-8E80-B09F27229AEA}"
EndProject
Global
	GlobalSection(SolutionConfigurationPlatforms) = preSolution
		Ad-Hoc|Any CPU = Ad-Hoc|Any CPU
		Ad-Hoc|ARM = Ad-Hoc|ARM
		Ad-Hoc|iPhone = Ad-Hoc|iPhone
		Ad-Hoc|iPhoneSimulator = Ad-Hoc|iPhoneSimulator
		Ad-Hoc|x64 = Ad-Hoc|x64
		Ad-Hoc|x86 = Ad-Hoc|x86
		AppStore|Any CPU = AppStore|Any CPU
		AppStore|ARM = AppStore|ARM
		AppStore|iPhone = AppStore|iPhone
		AppStore|iPhoneSimulator = AppStore|iPhoneSimulator
		AppStore|x64 = AppStore|x64
		AppStore|x86 = AppStore|x86
		Debug|Any CPU = Debug|Any CPU
		Debug|ARM = Debug|ARM
		Debug|iPhone = Debug|iPhone
		Debug|iPhoneSimulator = Debug|iPhoneSimulator
		Debug|x64 = Debug|x64
		Debug|x86 = Debug|x86
		Release|Any CPU = Release|Any CPU
		Release|ARM = Release|ARM
		Release|iPhone = Release|iPhone
		Release|iPhoneSimulator = Release|iPhoneSimulator
		Release|x64 = Release|x64
		Release|x86 = Release|x86
	EndGlobalSection
	GlobalSection(ProjectConfigurationPlatforms) = postSolution
		{493A9CA0-5ADF-4885-B16D-E8D176DAEF46}.Ad-Hoc|Any CPU.ActiveCfg = Release|Any CPU
		{493A9CA0-5ADF-4885-B16D-E8D176DAEF46}.Ad-Hoc|Any CPU.Build.0 = Release|Any CPU
		{493A9CA0-5ADF-4885-B16D-E8D176DAEF46}.Ad-Hoc|Any CPU.Deploy.0 = Release|Any CPU
		{493A9CA0-5ADF-4885-B16D-E8D176DAEF46}.Ad-Hoc|ARM.ActiveCfg = Release|Any CPU
		{493A9CA0-5ADF-4885-B16D-E8D176DAEF46}.Ad-Hoc|ARM.Build.0 = Release|Any CPU
		{493A9CA0-5ADF-4885-B16D-E8D176DAEF46}.Ad-Hoc|ARM.Deploy.0 = Release|Any CPU
		{493A9CA0-5ADF-4885-B16D-E8D176DAEF46}.Ad-Hoc|iPhone.ActiveCfg = Release|Any CPU
		{493A9CA0-5ADF-4885-B16D-E8D176DAEF46}.Ad-Hoc|iPhone.Build.0 = Release|Any CPU
		{493A9CA0-5ADF-4885-B16D-E8D176DAEF46}.Ad-Hoc|iPhone.Deploy.0 = Release|Any CPU
		{493A9CA0-5ADF-4885-B16D-E8D176DAEF46}.Ad-Hoc|iPhoneSimulator.ActiveCfg = Release|Any CPU
		{493A9CA0-5ADF-4885-B16D-E8D176DAEF46}.Ad-Hoc|iPhoneSimulator.Build.0 = Release|Any CPU
		{493A9CA0-5ADF-4885-B16D-E8D176DAEF46}.Ad-Hoc|iPhoneSimulator.Deploy.0 = Release|Any CPU
		{493A9CA0-5ADF-4885-B16D-E8D176DAEF46}.Ad-Hoc|x64.ActiveCfg = Release|Any CPU
		{493A9CA0-5ADF-4885-B16D-E8D176DAEF46}.Ad-Hoc|x64.Build.0 = Release|Any CPU
		{493A9CA0-5ADF-4885-B16D-E8D176DAEF46}.Ad-Hoc|x64.Deploy.0 = Release|Any CPU
		{493A9CA0-5ADF-4885-B16D-E8D176DAEF46}.Ad-Hoc|x86.ActiveCfg = Release|Any CPU
		{493A9CA0-5ADF-4885-B16D-E8D176DAEF46}.Ad-Hoc|x86.Build.0 = Release|Any CPU
		{493A9CA0-5ADF-4885-B16D-E8D176DAEF46}.Ad-Hoc|x86.Deploy.0 = Release|Any CPU
		{493A9CA0-5ADF-4885-B16D-E8D176DAEF46}.AppStore|Any CPU.ActiveCfg = Release|Any CPU
		{493A9CA0-5ADF-4885-B16D-E8D176DAEF46}.AppStore|Any CPU.Build.0 = Release|Any CPU
		{493A9CA0-5ADF-4885-B16D-E8D176DAEF46}.AppStore|Any CPU.Deploy.0 = Release|Any CPU
		{493A9CA0-5ADF-4885-B16D-E8D176DAEF46}.AppStore|ARM.ActiveCfg = Release|Any CPU
		{493A9CA0-5ADF-4885-B16D-E8D176DAEF46}.AppStore|ARM.Build.0 = Release|Any CPU
		{493A9CA0-5ADF-4885-B16D-E8D176DAEF46}.AppStore|ARM.Deploy.0 = Release|Any CPU
		{493A9CA0-5ADF-4885-B16D-E8D176DAEF46}.AppStore|iPhone.ActiveCfg = Release|Any CPU
		{493A9CA0-5ADF-4885-B16D-E8D176DAEF46}.AppStore|iPhone.Build.0 = Release|Any CPU
		{493A9CA0-5ADF-4885-B16D-E8D176DAEF46}.AppStore|iPhone.Deploy.0 = Release|Any CPU
		{493A9CA0-5ADF-4885-B16D-E8D176DAEF46}.AppStore|iPhoneSimulator.ActiveCfg = Release|Any CPU
		{493A9CA0-5ADF-4885-B16D-E8D176DAEF46}.AppStore|iPhoneSimulator.Build.0 = Release|Any CPU
		{493A9CA0-5ADF-4885-B16D-E8D176DAEF46}.AppStore|iPhoneSimulator.Deploy.0 = Release|Any CPU
		{493A9CA0-5ADF-4885-B16D-E8D176DAEF46}.AppStore|x64.ActiveCfg = Release|Any CPU
		{493A9CA0-5ADF-4885-B16D-E8D176DAEF46}.AppStore|x64.Build.0 = Release|Any CPU
		{493A9CA0-5ADF-4885-B16D-E8D176DAEF46}.AppStore|x64.Deploy.0 = Release|Any CPU
		{493A9CA0-5ADF-4885-B16D-E8D176DAEF46}.AppStore|x86.ActiveCfg = Release|Any CPU
		{493A9CA0-5ADF-4885-B16D-E8D176DAEF46}.AppStore|x86.Build.0 = Release|Any CPU
		{493A9CA0-5ADF-4885-B16D-E8D176DAEF46}.AppStore|x86.Deploy.0 = Release|Any CPU
		{493A9CA0-5ADF-4885-B16D-E8D176DAEF46}.Debug|Any CPU.ActiveCfg = Debug|Any CPU
		{493A9CA0-5ADF-4885-B16D-E8D176DAEF46}.Debug|Any CPU.Build.0 = Debug|Any CPU
		{493A9CA0-5ADF-4885-B16D-E8D176DAEF46}.Debug|Any CPU.Deploy.0 = Debug|Any CPU
		{493A9CA0-5ADF-4885-B16D-E8D176DAEF46}.Debug|ARM.ActiveCfg = Debug|Any CPU
		{493A9CA0-5ADF-4885-B16D-E8D176DAEF46}.Debug|ARM.Build.0 = Debug|Any CPU
		{493A9CA0-5ADF-4885-B16D-E8D176DAEF46}.Debug|ARM.Deploy.0 = Debug|Any CPU
		{493A9CA0-5ADF-4885-B16D-E8D176DAEF46}.Debug|iPhone.ActiveCfg = Debug|Any CPU
		{493A9CA0-5ADF-4885-B16D-E8D176DAEF46}.Debug|iPhone.Build.0 = Debug|Any CPU
		{493A9CA0-5ADF-4885-B16D-E8D176DAEF46}.Debug|iPhone.Deploy.0 = Debug|Any CPU
		{493A9CA0-5ADF-4885-B16D-E8D176DAEF46}.Debug|iPhoneSimulator.ActiveCfg = Debug|Any CPU
		{493A9CA0-5ADF-4885-B16D-E8D176DAEF46}.Debug|iPhoneSimulator.Build.0 = Debug|Any CPU
		{493A9CA0-5ADF-4885-B16D-E8D176DAEF46}.Debug|iPhoneSimulator.Deploy.0 = Debug|Any CPU
		{493A9CA0-5ADF-4885-B16D-E8D176DAEF46}.Debug|x64.ActiveCfg = Debug|Any CPU
		{493A9CA0-5ADF-4885-B16D-E8D176DAEF46}.Debug|x64.Build.0 = Debug|Any CPU
		{493A9CA0-5ADF-4885-B16D-E8D176DAEF46}.Debug|x64.Deploy.0 = Debug|Any CPU
		{493A9CA0-5ADF-4885-B16D-E8D176DAEF46}.Debug|x86.ActiveCfg = Debug|Any CPU
		{493A9CA0-5ADF-4885-B16D-E8D176DAEF46}.Debug|x86.Build.0 = Debug|Any CPU
		{493A9CA0-5ADF-4885-B16D-E8D176DAEF46}.Debug|x86.Deploy.0 = Debug|Any CPU
		{493A9CA0-5ADF-4885-B16D-E8D176DAEF46}.Release|Any CPU.ActiveCfg = Release|Any CPU
		{493A9CA0-5ADF-4885-B16D-E8D176DAEF46}.Release|Any CPU.Build.0 = Release|Any CPU
		{493A9CA0-5ADF-4885-B16D-E8D176DAEF46}.Release|Any CPU.Deploy.0 = Release|Any CPU
		{493A9CA0-5ADF-4885-B16D-E8D176DAEF46}.Release|ARM.ActiveCfg = Release|Any CPU
		{493A9CA0-5ADF-4885-B16D-E8D176DAEF46}.Release|ARM.Build.0 = Release|Any CPU
		{493A9CA0-5ADF-4885-B16D-E8D176DAEF46}.Release|ARM.Deploy.0 = Release|Any CPU
		{493A9CA0-5ADF-4885-B16D-E8D176DAEF46}.Release|iPhone.ActiveCfg = Release|Any CPU
		{493A9CA0-5ADF-4885-B16D-E8D176DAEF46}.Release|iPhone.Build.0 = Release|Any CPU
		{493A9CA0-5ADF-4885-B16D-E8D176DAEF46}.Release|iPhone.Deploy.0 = Release|Any CPU
		{493A9CA0-5ADF-4885-B16D-E8D176DAEF46}.Release|iPhoneSimulator.ActiveCfg = Release|Any CPU
		{493A9CA0-5ADF-4885-B16D-E8D176DAEF46}.Release|iPhoneSimulator.Build.0 = Release|Any CPU
		{493A9CA0-5ADF-4885-B16D-E8D176DAEF46}.Release|iPhoneSimulator.Deploy.0 = Release|Any CPU
		{493A9CA0-5ADF-4885-B16D-E8D176DAEF46}.Release|x64.ActiveCfg = Release|Any CPU
		{493A9CA0-5ADF-4885-B16D-E8D176DAEF46}.Release|x64.Build.0 = Release|Any CPU
		{493A9CA0-5ADF-4885-B16D-E8D176DAEF46}.Release|x64.Deploy.0 = Release|Any CPU
		{493A9CA0-5ADF-4885-B16D-E8D176DAEF46}.Release|x86.ActiveCfg = Release|Any CPU
		{493A9CA0-5ADF-4885-B16D-E8D176DAEF46}.Release|x86.Build.0 = Release|Any CPU
		{493A9CA0-5ADF-4885-B16D-E8D176DAEF46}.Release|x86.Deploy.0 = Release|Any CPU
		{B1F8F471-B27A-4218-B01C-3E688EBD7AF2}.Ad-Hoc|Any CPU.ActiveCfg = Ad-Hoc|iPhone
		{B1F8F471-B27A-4218-B01C-3E688EBD7AF2}.Ad-Hoc|ARM.ActiveCfg = Ad-Hoc|iPhone
		{B1F8F471-B27A-4218-B01C-3E688EBD7AF2}.Ad-Hoc|iPhone.ActiveCfg = Ad-Hoc|iPhone
		{B1F8F471-B27A-4218-B01C-3E688EBD7AF2}.Ad-Hoc|iPhone.Build.0 = Ad-Hoc|iPhone
		{B1F8F471-B27A-4218-B01C-3E688EBD7AF2}.Ad-Hoc|iPhoneSimulator.ActiveCfg = Ad-Hoc|iPhoneSimulator
		{B1F8F471-B27A-4218-B01C-3E688EBD7AF2}.Ad-Hoc|iPhoneSimulator.Build.0 = Ad-Hoc|iPhoneSimulator
		{B1F8F471-B27A-4218-B01C-3E688EBD7AF2}.Ad-Hoc|x64.ActiveCfg = Ad-Hoc|iPhone
		{B1F8F471-B27A-4218-B01C-3E688EBD7AF2}.Ad-Hoc|x86.ActiveCfg = Ad-Hoc|iPhone
		{B1F8F471-B27A-4218-B01C-3E688EBD7AF2}.AppStore|Any CPU.ActiveCfg = AppStore|iPhone
		{B1F8F471-B27A-4218-B01C-3E688EBD7AF2}.AppStore|ARM.ActiveCfg = AppStore|iPhone
		{B1F8F471-B27A-4218-B01C-3E688EBD7AF2}.AppStore|iPhone.ActiveCfg = AppStore|iPhone
		{B1F8F471-B27A-4218-B01C-3E688EBD7AF2}.AppStore|iPhone.Build.0 = AppStore|iPhone
		{B1F8F471-B27A-4218-B01C-3E688EBD7AF2}.AppStore|iPhoneSimulator.ActiveCfg = AppStore|iPhoneSimulator
		{B1F8F471-B27A-4218-B01C-3E688EBD7AF2}.AppStore|iPhoneSimulator.Build.0 = AppStore|iPhoneSimulator
		{B1F8F471-B27A-4218-B01C-3E688EBD7AF2}.AppStore|x64.ActiveCfg = AppStore|iPhone
		{B1F8F471-B27A-4218-B01C-3E688EBD7AF2}.AppStore|x86.ActiveCfg = AppStore|iPhone
		{B1F8F471-B27A-4218-B01C-3E688EBD7AF2}.Debug|Any CPU.ActiveCfg = Debug|iPhone
		{B1F8F471-B27A-4218-B01C-3E688EBD7AF2}.Debug|ARM.ActiveCfg = Debug|iPhone
		{B1F8F471-B27A-4218-B01C-3E688EBD7AF2}.Debug|iPhone.ActiveCfg = Debug|iPhone
		{B1F8F471-B27A-4218-B01C-3E688EBD7AF2}.Debug|iPhone.Build.0 = Debug|iPhone
		{B1F8F471-B27A-4218-B01C-3E688EBD7AF2}.Debug|iPhoneSimulator.ActiveCfg = Debug|iPhoneSimulator
		{B1F8F471-B27A-4218-B01C-3E688EBD7AF2}.Debug|iPhoneSimulator.Build.0 = Debug|iPhoneSimulator
		{B1F8F471-B27A-4218-B01C-3E688EBD7AF2}.Debug|x64.ActiveCfg = Debug|iPhone
		{B1F8F471-B27A-4218-B01C-3E688EBD7AF2}.Debug|x86.ActiveCfg = Debug|iPhone
		{B1F8F471-B27A-4218-B01C-3E688EBD7AF2}.Release|Any CPU.ActiveCfg = Release|iPhone
		{B1F8F471-B27A-4218-B01C-3E688EBD7AF2}.Release|ARM.ActiveCfg = Release|iPhone
		{B1F8F471-B27A-4218-B01C-3E688EBD7AF2}.Release|iPhone.ActiveCfg = Release|iPhone
		{B1F8F471-B27A-4218-B01C-3E688EBD7AF2}.Release|iPhone.Build.0 = Release|iPhone
		{B1F8F471-B27A-4218-B01C-3E688EBD7AF2}.Release|iPhoneSimulator.ActiveCfg = Release|iPhoneSimulator
		{B1F8F471-B27A-4218-B01C-3E688EBD7AF2}.Release|iPhoneSimulator.Build.0 = Release|iPhoneSimulator
		{B1F8F471-B27A-4218-B01C-3E688EBD7AF2}.Release|x64.ActiveCfg = Release|iPhone
		{B1F8F471-B27A-4218-B01C-3E688EBD7AF2}.Release|x86.ActiveCfg = Release|iPhone
		{79988F30-719C-4FC4-ADF1-BC7E1AD365F0}.Ad-Hoc|Any CPU.ActiveCfg = Release|Any CPU
		{79988F30-719C-4FC4-ADF1-BC7E1AD365F0}.Ad-Hoc|Any CPU.Build.0 = Release|Any CPU
		{79988F30-719C-4FC4-ADF1-BC7E1AD365F0}.Ad-Hoc|Any CPU.Deploy.0 = Release|Any CPU
		{79988F30-719C-4FC4-ADF1-BC7E1AD365F0}.Ad-Hoc|ARM.ActiveCfg = Release|ARM
		{79988F30-719C-4FC4-ADF1-BC7E1AD365F0}.Ad-Hoc|ARM.Build.0 = Release|ARM
		{79988F30-719C-4FC4-ADF1-BC7E1AD365F0}.Ad-Hoc|ARM.Deploy.0 = Release|ARM
		{79988F30-719C-4FC4-ADF1-BC7E1AD365F0}.Ad-Hoc|iPhone.ActiveCfg = Release|Any CPU
		{79988F30-719C-4FC4-ADF1-BC7E1AD365F0}.Ad-Hoc|iPhone.Build.0 = Release|Any CPU
		{79988F30-719C-4FC4-ADF1-BC7E1AD365F0}.Ad-Hoc|iPhone.Deploy.0 = Release|Any CPU
		{79988F30-719C-4FC4-ADF1-BC7E1AD365F0}.Ad-Hoc|iPhoneSimulator.ActiveCfg = Release|Any CPU
		{79988F30-719C-4FC4-ADF1-BC7E1AD365F0}.Ad-Hoc|iPhoneSimulator.Build.0 = Release|Any CPU
		{79988F30-719C-4FC4-ADF1-BC7E1AD365F0}.Ad-Hoc|iPhoneSimulator.Deploy.0 = Release|Any CPU
		{79988F30-719C-4FC4-ADF1-BC7E1AD365F0}.Ad-Hoc|x64.ActiveCfg = Release|Any CPU
		{79988F30-719C-4FC4-ADF1-BC7E1AD365F0}.Ad-Hoc|x64.Build.0 = Release|Any CPU
		{79988F30-719C-4FC4-ADF1-BC7E1AD365F0}.Ad-Hoc|x64.Deploy.0 = Release|Any CPU
		{79988F30-719C-4FC4-ADF1-BC7E1AD365F0}.Ad-Hoc|x86.ActiveCfg = Release|x86
		{79988F30-719C-4FC4-ADF1-BC7E1AD365F0}.Ad-Hoc|x86.Build.0 = Release|x86
		{79988F30-719C-4FC4-ADF1-BC7E1AD365F0}.Ad-Hoc|x86.Deploy.0 = Release|x86
		{79988F30-719C-4FC4-ADF1-BC7E1AD365F0}.AppStore|Any CPU.ActiveCfg = Release|Any CPU
		{79988F30-719C-4FC4-ADF1-BC7E1AD365F0}.AppStore|Any CPU.Build.0 = Release|Any CPU
		{79988F30-719C-4FC4-ADF1-BC7E1AD365F0}.AppStore|Any CPU.Deploy.0 = Release|Any CPU
		{79988F30-719C-4FC4-ADF1-BC7E1AD365F0}.AppStore|ARM.ActiveCfg = Release|ARM
		{79988F30-719C-4FC4-ADF1-BC7E1AD365F0}.AppStore|ARM.Build.0 = Release|ARM
		{79988F30-719C-4FC4-ADF1-BC7E1AD365F0}.AppStore|ARM.Deploy.0 = Release|ARM
		{79988F30-719C-4FC4-ADF1-BC7E1AD365F0}.AppStore|iPhone.ActiveCfg = Release|Any CPU
		{79988F30-719C-4FC4-ADF1-BC7E1AD365F0}.AppStore|iPhone.Build.0 = Release|Any CPU
		{79988F30-719C-4FC4-ADF1-BC7E1AD365F0}.AppStore|iPhone.Deploy.0 = Release|Any CPU
		{79988F30-719C-4FC4-ADF1-BC7E1AD365F0}.AppStore|iPhoneSimulator.ActiveCfg = Release|Any CPU
		{79988F30-719C-4FC4-ADF1-BC7E1AD365F0}.AppStore|iPhoneSimulator.Build.0 = Release|Any CPU
		{79988F30-719C-4FC4-ADF1-BC7E1AD365F0}.AppStore|iPhoneSimulator.Deploy.0 = Release|Any CPU
		{79988F30-719C-4FC4-ADF1-BC7E1AD365F0}.AppStore|x64.ActiveCfg = Release|Any CPU
		{79988F30-719C-4FC4-ADF1-BC7E1AD365F0}.AppStore|x64.Build.0 = Release|Any CPU
		{79988F30-719C-4FC4-ADF1-BC7E1AD365F0}.AppStore|x64.Deploy.0 = Release|Any CPU
		{79988F30-719C-4FC4-ADF1-BC7E1AD365F0}.AppStore|x86.ActiveCfg = Release|x86
		{79988F30-719C-4FC4-ADF1-BC7E1AD365F0}.AppStore|x86.Build.0 = Release|x86
		{79988F30-719C-4FC4-ADF1-BC7E1AD365F0}.AppStore|x86.Deploy.0 = Release|x86
		{79988F30-719C-4FC4-ADF1-BC7E1AD365F0}.Debug|Any CPU.ActiveCfg = Debug|Any CPU
		{79988F30-719C-4FC4-ADF1-BC7E1AD365F0}.Debug|Any CPU.Build.0 = Debug|Any CPU
		{79988F30-719C-4FC4-ADF1-BC7E1AD365F0}.Debug|Any CPU.Deploy.0 = Debug|Any CPU
		{79988F30-719C-4FC4-ADF1-BC7E1AD365F0}.Debug|ARM.ActiveCfg = Debug|ARM
		{79988F30-719C-4FC4-ADF1-BC7E1AD365F0}.Debug|ARM.Build.0 = Debug|ARM
		{79988F30-719C-4FC4-ADF1-BC7E1AD365F0}.Debug|ARM.Deploy.0 = Debug|ARM
		{79988F30-719C-4FC4-ADF1-BC7E1AD365F0}.Debug|iPhone.ActiveCfg = Debug|Any CPU
		{79988F30-719C-4FC4-ADF1-BC7E1AD365F0}.Debug|iPhone.Build.0 = Debug|Any CPU
		{79988F30-719C-4FC4-ADF1-BC7E1AD365F0}.Debug|iPhone.Deploy.0 = Debug|Any CPU
		{79988F30-719C-4FC4-ADF1-BC7E1AD365F0}.Debug|iPhoneSimulator.ActiveCfg = Debug|Any CPU
		{79988F30-719C-4FC4-ADF1-BC7E1AD365F0}.Debug|iPhoneSimulator.Build.0 = Debug|Any CPU
		{79988F30-719C-4FC4-ADF1-BC7E1AD365F0}.Debug|iPhoneSimulator.Deploy.0 = Debug|Any CPU
		{79988F30-719C-4FC4-ADF1-BC7E1AD365F0}.Debug|x64.ActiveCfg = Debug|Any CPU
		{79988F30-719C-4FC4-ADF1-BC7E1AD365F0}.Debug|x64.Build.0 = Debug|Any CPU
		{79988F30-719C-4FC4-ADF1-BC7E1AD365F0}.Debug|x64.Deploy.0 = Debug|Any CPU
		{79988F30-719C-4FC4-ADF1-BC7E1AD365F0}.Debug|x86.ActiveCfg = Debug|x86
		{79988F30-719C-4FC4-ADF1-BC7E1AD365F0}.Debug|x86.Build.0 = Debug|x86
		{79988F30-719C-4FC4-ADF1-BC7E1AD365F0}.Debug|x86.Deploy.0 = Debug|x86
		{79988F30-719C-4FC4-ADF1-BC7E1AD365F0}.Release|Any CPU.ActiveCfg = Release|Any CPU
		{79988F30-719C-4FC4-ADF1-BC7E1AD365F0}.Release|Any CPU.Build.0 = Release|Any CPU
		{79988F30-719C-4FC4-ADF1-BC7E1AD365F0}.Release|Any CPU.Deploy.0 = Release|Any CPU
		{79988F30-719C-4FC4-ADF1-BC7E1AD365F0}.Release|ARM.ActiveCfg = Release|ARM
		{79988F30-719C-4FC4-ADF1-BC7E1AD365F0}.Release|ARM.Build.0 = Release|ARM
		{79988F30-719C-4FC4-ADF1-BC7E1AD365F0}.Release|ARM.Deploy.0 = Release|ARM
		{79988F30-719C-4FC4-ADF1-BC7E1AD365F0}.Release|iPhone.ActiveCfg = Release|Any CPU
		{79988F30-719C-4FC4-ADF1-BC7E1AD365F0}.Release|iPhone.Build.0 = Release|Any CPU
		{79988F30-719C-4FC4-ADF1-BC7E1AD365F0}.Release|iPhone.Deploy.0 = Release|Any CPU
		{79988F30-719C-4FC4-ADF1-BC7E1AD365F0}.Release|iPhoneSimulator.ActiveCfg = Release|Any CPU
		{79988F30-719C-4FC4-ADF1-BC7E1AD365F0}.Release|iPhoneSimulator.Build.0 = Release|Any CPU
		{79988F30-719C-4FC4-ADF1-BC7E1AD365F0}.Release|iPhoneSimulator.Deploy.0 = Release|Any CPU
		{79988F30-719C-4FC4-ADF1-BC7E1AD365F0}.Release|x64.ActiveCfg = Release|Any CPU
		{79988F30-719C-4FC4-ADF1-BC7E1AD365F0}.Release|x64.Build.0 = Release|Any CPU
		{79988F30-719C-4FC4-ADF1-BC7E1AD365F0}.Release|x64.Deploy.0 = Release|Any CPU
		{79988F30-719C-4FC4-ADF1-BC7E1AD365F0}.Release|x86.ActiveCfg = Release|x86
		{79988F30-719C-4FC4-ADF1-BC7E1AD365F0}.Release|x86.Build.0 = Release|x86
		{79988F30-719C-4FC4-ADF1-BC7E1AD365F0}.Release|x86.Deploy.0 = Release|x86
		{691C8F99-3881-4770-8065-2204A110C5E7}.Ad-Hoc|Any CPU.ActiveCfg = Release|x86
		{691C8F99-3881-4770-8065-2204A110C5E7}.Ad-Hoc|Any CPU.Build.0 = Release|x86
		{691C8F99-3881-4770-8065-2204A110C5E7}.Ad-Hoc|Any CPU.Deploy.0 = Release|x86
		{691C8F99-3881-4770-8065-2204A110C5E7}.Ad-Hoc|ARM.ActiveCfg = Release|ARM
		{691C8F99-3881-4770-8065-2204A110C5E7}.Ad-Hoc|ARM.Build.0 = Release|ARM
		{691C8F99-3881-4770-8065-2204A110C5E7}.Ad-Hoc|ARM.Deploy.0 = Release|ARM
		{691C8F99-3881-4770-8065-2204A110C5E7}.Ad-Hoc|iPhone.ActiveCfg = Release|x86
		{691C8F99-3881-4770-8065-2204A110C5E7}.Ad-Hoc|iPhone.Build.0 = Release|x86
		{691C8F99-3881-4770-8065-2204A110C5E7}.Ad-Hoc|iPhone.Deploy.0 = Release|x86
		{691C8F99-3881-4770-8065-2204A110C5E7}.Ad-Hoc|iPhoneSimulator.ActiveCfg = Release|x86
		{691C8F99-3881-4770-8065-2204A110C5E7}.Ad-Hoc|iPhoneSimulator.Build.0 = Release|x86
		{691C8F99-3881-4770-8065-2204A110C5E7}.Ad-Hoc|iPhoneSimulator.Deploy.0 = Release|x86
		{691C8F99-3881-4770-8065-2204A110C5E7}.Ad-Hoc|x64.ActiveCfg = Release|x64
		{691C8F99-3881-4770-8065-2204A110C5E7}.Ad-Hoc|x64.Build.0 = Release|x64
		{691C8F99-3881-4770-8065-2204A110C5E7}.Ad-Hoc|x64.Deploy.0 = Release|x64
		{691C8F99-3881-4770-8065-2204A110C5E7}.Ad-Hoc|x86.ActiveCfg = Release|x86
		{691C8F99-3881-4770-8065-2204A110C5E7}.Ad-Hoc|x86.Build.0 = Release|x86
		{691C8F99-3881-4770-8065-2204A110C5E7}.Ad-Hoc|x86.Deploy.0 = Release|x86
		{691C8F99-3881-4770-8065-2204A110C5E7}.AppStore|Any CPU.ActiveCfg = Release|x86
		{691C8F99-3881-4770-8065-2204A110C5E7}.AppStore|Any CPU.Build.0 = Release|x86
		{691C8F99-3881-4770-8065-2204A110C5E7}.AppStore|Any CPU.Deploy.0 = Release|x86
		{691C8F99-3881-4770-8065-2204A110C5E7}.AppStore|ARM.ActiveCfg = Release|ARM
		{691C8F99-3881-4770-8065-2204A110C5E7}.AppStore|ARM.Build.0 = Release|ARM
		{691C8F99-3881-4770-8065-2204A110C5E7}.AppStore|ARM.Deploy.0 = Release|ARM
		{691C8F99-3881-4770-8065-2204A110C5E7}.AppStore|iPhone.ActiveCfg = Release|x86
		{691C8F99-3881-4770-8065-2204A110C5E7}.AppStore|iPhone.Build.0 = Release|x86
		{691C8F99-3881-4770-8065-2204A110C5E7}.AppStore|iPhone.Deploy.0 = Release|x86
		{691C8F99-3881-4770-8065-2204A110C5E7}.AppStore|iPhoneSimulator.ActiveCfg = Release|x86
		{691C8F99-3881-4770-8065-2204A110C5E7}.AppStore|iPhoneSimulator.Build.0 = Release|x86
		{691C8F99-3881-4770-8065-2204A110C5E7}.AppStore|iPhoneSimulator.Deploy.0 = Release|x86
		{691C8F99-3881-4770-8065-2204A110C5E7}.AppStore|x64.ActiveCfg = Release|x64
		{691C8F99-3881-4770-8065-2204A110C5E7}.AppStore|x64.Build.0 = Release|x64
		{691C8F99-3881-4770-8065-2204A110C5E7}.AppStore|x64.Deploy.0 = Release|x64
		{691C8F99-3881-4770-8065-2204A110C5E7}.AppStore|x86.ActiveCfg = Release|x86
		{691C8F99-3881-4770-8065-2204A110C5E7}.AppStore|x86.Build.0 = Release|x86
		{691C8F99-3881-4770-8065-2204A110C5E7}.AppStore|x86.Deploy.0 = Release|x86
		{691C8F99-3881-4770-8065-2204A110C5E7}.Debug|Any CPU.ActiveCfg = Debug|x86
		{691C8F99-3881-4770-8065-2204A110C5E7}.Debug|ARM.ActiveCfg = Debug|ARM
		{691C8F99-3881-4770-8065-2204A110C5E7}.Debug|ARM.Build.0 = Debug|ARM
		{691C8F99-3881-4770-8065-2204A110C5E7}.Debug|ARM.Deploy.0 = Debug|ARM
		{691C8F99-3881-4770-8065-2204A110C5E7}.Debug|iPhone.ActiveCfg = Debug|x86
		{691C8F99-3881-4770-8065-2204A110C5E7}.Debug|iPhoneSimulator.ActiveCfg = Debug|x86
		{691C8F99-3881-4770-8065-2204A110C5E7}.Debug|x64.ActiveCfg = Debug|x64
		{691C8F99-3881-4770-8065-2204A110C5E7}.Debug|x64.Build.0 = Debug|x64
		{691C8F99-3881-4770-8065-2204A110C5E7}.Debug|x64.Deploy.0 = Debug|x64
		{691C8F99-3881-4770-8065-2204A110C5E7}.Debug|x86.ActiveCfg = Debug|x86
		{691C8F99-3881-4770-8065-2204A110C5E7}.Debug|x86.Build.0 = Debug|x86
		{691C8F99-3881-4770-8065-2204A110C5E7}.Debug|x86.Deploy.0 = Debug|x86
		{691C8F99-3881-4770-8065-2204A110C5E7}.Release|Any CPU.ActiveCfg = Release|x86
		{691C8F99-3881-4770-8065-2204A110C5E7}.Release|ARM.ActiveCfg = Release|ARM
		{691C8F99-3881-4770-8065-2204A110C5E7}.Release|ARM.Build.0 = Release|ARM
		{691C8F99-3881-4770-8065-2204A110C5E7}.Release|ARM.Deploy.0 = Release|ARM
		{691C8F99-3881-4770-8065-2204A110C5E7}.Release|iPhone.ActiveCfg = Release|x86
		{691C8F99-3881-4770-8065-2204A110C5E7}.Release|iPhoneSimulator.ActiveCfg = Release|x86
		{691C8F99-3881-4770-8065-2204A110C5E7}.Release|x64.ActiveCfg = Release|x64
		{691C8F99-3881-4770-8065-2204A110C5E7}.Release|x64.Build.0 = Release|x64
		{691C8F99-3881-4770-8065-2204A110C5E7}.Release|x64.Deploy.0 = Release|x64
		{691C8F99-3881-4770-8065-2204A110C5E7}.Release|x86.ActiveCfg = Release|x86
		{691C8F99-3881-4770-8065-2204A110C5E7}.Release|x86.Build.0 = Release|x86
		{691C8F99-3881-4770-8065-2204A110C5E7}.Release|x86.Deploy.0 = Release|x86
		{1D84BBB4-634D-4963-A27D-DEBE962775EC}.Ad-Hoc|Any CPU.ActiveCfg = Release|Any CPU
		{1D84BBB4-634D-4963-A27D-DEBE962775EC}.Ad-Hoc|Any CPU.Build.0 = Release|Any CPU
		{1D84BBB4-634D-4963-A27D-DEBE962775EC}.Ad-Hoc|Any CPU.Deploy.0 = Release|Any CPU
		{1D84BBB4-634D-4963-A27D-DEBE962775EC}.Ad-Hoc|ARM.ActiveCfg = Release|ARM
		{1D84BBB4-634D-4963-A27D-DEBE962775EC}.Ad-Hoc|ARM.Build.0 = Release|ARM
		{1D84BBB4-634D-4963-A27D-DEBE962775EC}.Ad-Hoc|ARM.Deploy.0 = Release|ARM
		{1D84BBB4-634D-4963-A27D-DEBE962775EC}.Ad-Hoc|iPhone.ActiveCfg = Release|Any CPU
		{1D84BBB4-634D-4963-A27D-DEBE962775EC}.Ad-Hoc|iPhone.Build.0 = Release|Any CPU
		{1D84BBB4-634D-4963-A27D-DEBE962775EC}.Ad-Hoc|iPhone.Deploy.0 = Release|Any CPU
		{1D84BBB4-634D-4963-A27D-DEBE962775EC}.Ad-Hoc|iPhoneSimulator.ActiveCfg = Release|Any CPU
		{1D84BBB4-634D-4963-A27D-DEBE962775EC}.Ad-Hoc|iPhoneSimulator.Build.0 = Release|Any CPU
		{1D84BBB4-634D-4963-A27D-DEBE962775EC}.Ad-Hoc|iPhoneSimulator.Deploy.0 = Release|Any CPU
		{1D84BBB4-634D-4963-A27D-DEBE962775EC}.Ad-Hoc|x64.ActiveCfg = Release|x64
		{1D84BBB4-634D-4963-A27D-DEBE962775EC}.Ad-Hoc|x64.Build.0 = Release|x64
		{1D84BBB4-634D-4963-A27D-DEBE962775EC}.Ad-Hoc|x64.Deploy.0 = Release|x64
		{1D84BBB4-634D-4963-A27D-DEBE962775EC}.Ad-Hoc|x86.ActiveCfg = Release|x86
		{1D84BBB4-634D-4963-A27D-DEBE962775EC}.Ad-Hoc|x86.Build.0 = Release|x86
		{1D84BBB4-634D-4963-A27D-DEBE962775EC}.Ad-Hoc|x86.Deploy.0 = Release|x86
		{1D84BBB4-634D-4963-A27D-DEBE962775EC}.AppStore|Any CPU.ActiveCfg = Release|Any CPU
		{1D84BBB4-634D-4963-A27D-DEBE962775EC}.AppStore|Any CPU.Build.0 = Release|Any CPU
		{1D84BBB4-634D-4963-A27D-DEBE962775EC}.AppStore|Any CPU.Deploy.0 = Release|Any CPU
		{1D84BBB4-634D-4963-A27D-DEBE962775EC}.AppStore|ARM.ActiveCfg = Release|ARM
		{1D84BBB4-634D-4963-A27D-DEBE962775EC}.AppStore|ARM.Build.0 = Release|ARM
		{1D84BBB4-634D-4963-A27D-DEBE962775EC}.AppStore|ARM.Deploy.0 = Release|ARM
		{1D84BBB4-634D-4963-A27D-DEBE962775EC}.AppStore|iPhone.ActiveCfg = Release|Any CPU
		{1D84BBB4-634D-4963-A27D-DEBE962775EC}.AppStore|iPhone.Build.0 = Release|Any CPU
		{1D84BBB4-634D-4963-A27D-DEBE962775EC}.AppStore|iPhone.Deploy.0 = Release|Any CPU
		{1D84BBB4-634D-4963-A27D-DEBE962775EC}.AppStore|iPhoneSimulator.ActiveCfg = Release|Any CPU
		{1D84BBB4-634D-4963-A27D-DEBE962775EC}.AppStore|iPhoneSimulator.Build.0 = Release|Any CPU
		{1D84BBB4-634D-4963-A27D-DEBE962775EC}.AppStore|iPhoneSimulator.Deploy.0 = Release|Any CPU
		{1D84BBB4-634D-4963-A27D-DEBE962775EC}.AppStore|x64.ActiveCfg = Release|x64
		{1D84BBB4-634D-4963-A27D-DEBE962775EC}.AppStore|x64.Build.0 = Release|x64
		{1D84BBB4-634D-4963-A27D-DEBE962775EC}.AppStore|x64.Deploy.0 = Release|x64
		{1D84BBB4-634D-4963-A27D-DEBE962775EC}.AppStore|x86.ActiveCfg = Release|x86
		{1D84BBB4-634D-4963-A27D-DEBE962775EC}.AppStore|x86.Build.0 = Release|x86
		{1D84BBB4-634D-4963-A27D-DEBE962775EC}.AppStore|x86.Deploy.0 = Release|x86
		{1D84BBB4-634D-4963-A27D-DEBE962775EC}.Debug|Any CPU.ActiveCfg = Debug|Any CPU
		{1D84BBB4-634D-4963-A27D-DEBE962775EC}.Debug|Any CPU.Build.0 = Debug|Any CPU
		{1D84BBB4-634D-4963-A27D-DEBE962775EC}.Debug|Any CPU.Deploy.0 = Debug|Any CPU
		{1D84BBB4-634D-4963-A27D-DEBE962775EC}.Debug|ARM.ActiveCfg = Debug|ARM
		{1D84BBB4-634D-4963-A27D-DEBE962775EC}.Debug|ARM.Build.0 = Debug|ARM
		{1D84BBB4-634D-4963-A27D-DEBE962775EC}.Debug|ARM.Deploy.0 = Debug|ARM
		{1D84BBB4-634D-4963-A27D-DEBE962775EC}.Debug|iPhone.ActiveCfg = Debug|Any CPU
		{1D84BBB4-634D-4963-A27D-DEBE962775EC}.Debug|iPhone.Build.0 = Debug|Any CPU
		{1D84BBB4-634D-4963-A27D-DEBE962775EC}.Debug|iPhone.Deploy.0 = Debug|Any CPU
		{1D84BBB4-634D-4963-A27D-DEBE962775EC}.Debug|iPhoneSimulator.ActiveCfg = Debug|Any CPU
		{1D84BBB4-634D-4963-A27D-DEBE962775EC}.Debug|iPhoneSimulator.Build.0 = Debug|Any CPU
		{1D84BBB4-634D-4963-A27D-DEBE962775EC}.Debug|iPhoneSimulator.Deploy.0 = Debug|Any CPU
		{1D84BBB4-634D-4963-A27D-DEBE962775EC}.Debug|x64.ActiveCfg = Debug|x64
		{1D84BBB4-634D-4963-A27D-DEBE962775EC}.Debug|x64.Build.0 = Debug|x64
		{1D84BBB4-634D-4963-A27D-DEBE962775EC}.Debug|x64.Deploy.0 = Debug|x64
		{1D84BBB4-634D-4963-A27D-DEBE962775EC}.Debug|x86.ActiveCfg = Debug|x86
		{1D84BBB4-634D-4963-A27D-DEBE962775EC}.Debug|x86.Build.0 = Debug|x86
		{1D84BBB4-634D-4963-A27D-DEBE962775EC}.Debug|x86.Deploy.0 = Debug|x86
		{1D84BBB4-634D-4963-A27D-DEBE962775EC}.Release|Any CPU.ActiveCfg = Release|Any CPU
		{1D84BBB4-634D-4963-A27D-DEBE962775EC}.Release|Any CPU.Build.0 = Release|Any CPU
		{1D84BBB4-634D-4963-A27D-DEBE962775EC}.Release|Any CPU.Deploy.0 = Release|Any CPU
		{1D84BBB4-634D-4963-A27D-DEBE962775EC}.Release|ARM.ActiveCfg = Release|ARM
		{1D84BBB4-634D-4963-A27D-DEBE962775EC}.Release|ARM.Build.0 = Release|ARM
		{1D84BBB4-634D-4963-A27D-DEBE962775EC}.Release|ARM.Deploy.0 = Release|ARM
		{1D84BBB4-634D-4963-A27D-DEBE962775EC}.Release|iPhone.ActiveCfg = Release|Any CPU
		{1D84BBB4-634D-4963-A27D-DEBE962775EC}.Release|iPhone.Build.0 = Release|Any CPU
		{1D84BBB4-634D-4963-A27D-DEBE962775EC}.Release|iPhone.Deploy.0 = Release|Any CPU
		{1D84BBB4-634D-4963-A27D-DEBE962775EC}.Release|iPhoneSimulator.ActiveCfg = Release|Any CPU
		{1D84BBB4-634D-4963-A27D-DEBE962775EC}.Release|iPhoneSimulator.Build.0 = Release|Any CPU
		{1D84BBB4-634D-4963-A27D-DEBE962775EC}.Release|iPhoneSimulator.Deploy.0 = Release|Any CPU
		{1D84BBB4-634D-4963-A27D-DEBE962775EC}.Release|x64.ActiveCfg = Release|x64
		{1D84BBB4-634D-4963-A27D-DEBE962775EC}.Release|x64.Build.0 = Release|x64
		{1D84BBB4-634D-4963-A27D-DEBE962775EC}.Release|x64.Deploy.0 = Release|x64
		{1D84BBB4-634D-4963-A27D-DEBE962775EC}.Release|x86.ActiveCfg = Release|x86
		{1D84BBB4-634D-4963-A27D-DEBE962775EC}.Release|x86.Build.0 = Release|x86
		{1D84BBB4-634D-4963-A27D-DEBE962775EC}.Release|x86.Deploy.0 = Release|x86
		{68FDB09B-B2AB-4B53-8E80-B09F27229AEA}.Ad-Hoc|Any CPU.ActiveCfg = Release|Any CPU
		{68FDB09B-B2AB-4B53-8E80-B09F27229AEA}.Ad-Hoc|Any CPU.Build.0 = Release|Any CPU
		{68FDB09B-B2AB-4B53-8E80-B09F27229AEA}.Ad-Hoc|ARM.ActiveCfg = Release|Any CPU
		{68FDB09B-B2AB-4B53-8E80-B09F27229AEA}.Ad-Hoc|ARM.Build.0 = Release|Any CPU
		{68FDB09B-B2AB-4B53-8E80-B09F27229AEA}.Ad-Hoc|iPhone.ActiveCfg = Release|Any CPU
		{68FDB09B-B2AB-4B53-8E80-B09F27229AEA}.Ad-Hoc|iPhone.Build.0 = Release|Any CPU
		{68FDB09B-B2AB-4B53-8E80-B09F27229AEA}.Ad-Hoc|iPhoneSimulator.ActiveCfg = Release|Any CPU
		{68FDB09B-B2AB-4B53-8E80-B09F27229AEA}.Ad-Hoc|iPhoneSimulator.Build.0 = Release|Any CPU
		{68FDB09B-B2AB-4B53-8E80-B09F27229AEA}.Ad-Hoc|x64.ActiveCfg = Release|Any CPU
		{68FDB09B-B2AB-4B53-8E80-B09F27229AEA}.Ad-Hoc|x64.Build.0 = Release|Any CPU
		{68FDB09B-B2AB-4B53-8E80-B09F27229AEA}.Ad-Hoc|x86.ActiveCfg = Release|Any CPU
		{68FDB09B-B2AB-4B53-8E80-B09F27229AEA}.Ad-Hoc|x86.Build.0 = Release|Any CPU
		{68FDB09B-B2AB-4B53-8E80-B09F27229AEA}.AppStore|Any CPU.ActiveCfg = Release|Any CPU
		{68FDB09B-B2AB-4B53-8E80-B09F27229AEA}.AppStore|Any CPU.Build.0 = Release|Any CPU
		{68FDB09B-B2AB-4B53-8E80-B09F27229AEA}.AppStore|ARM.ActiveCfg = Release|Any CPU
		{68FDB09B-B2AB-4B53-8E80-B09F27229AEA}.AppStore|ARM.Build.0 = Release|Any CPU
		{68FDB09B-B2AB-4B53-8E80-B09F27229AEA}.AppStore|iPhone.ActiveCfg = Release|Any CPU
		{68FDB09B-B2AB-4B53-8E80-B09F27229AEA}.AppStore|iPhone.Build.0 = Release|Any CPU
		{68FDB09B-B2AB-4B53-8E80-B09F27229AEA}.AppStore|iPhoneSimulator.ActiveCfg = Release|Any CPU
		{68FDB09B-B2AB-4B53-8E80-B09F27229AEA}.AppStore|iPhoneSimulator.Build.0 = Release|Any CPU
		{68FDB09B-B2AB-4B53-8E80-B09F27229AEA}.AppStore|x64.ActiveCfg = Release|Any CPU
		{68FDB09B-B2AB-4B53-8E80-B09F27229AEA}.AppStore|x64.Build.0 = Release|Any CPU
		{68FDB09B-B2AB-4B53-8E80-B09F27229AEA}.AppStore|x86.ActiveCfg = Release|Any CPU
		{68FDB09B-B2AB-4B53-8E80-B09F27229AEA}.AppStore|x86.Build.0 = Release|Any CPU
		{68FDB09B-B2AB-4B53-8E80-B09F27229AEA}.Debug|Any CPU.ActiveCfg = Debug|Any CPU
		{68FDB09B-B2AB-4B53-8E80-B09F27229AEA}.Debug|Any CPU.Build.0 = Debug|Any CPU
		{68FDB09B-B2AB-4B53-8E80-B09F27229AEA}.Debug|ARM.ActiveCfg = Debug|Any CPU
		{68FDB09B-B2AB-4B53-8E80-B09F27229AEA}.Debug|ARM.Build.0 = Debug|Any CPU
		{68FDB09B-B2AB-4B53-8E80-B09F27229AEA}.Debug|iPhone.ActiveCfg = Debug|Any CPU
		{68FDB09B-B2AB-4B53-8E80-B09F27229AEA}.Debug|iPhone.Build.0 = Debug|Any CPU
		{68FDB09B-B2AB-4B53-8E80-B09F27229AEA}.Debug|iPhoneSimulator.ActiveCfg = Debug|Any CPU
		{68FDB09B-B2AB-4B53-8E80-B09F27229AEA}.Debug|iPhoneSimulator.Build.0 = Debug|Any CPU
		{68FDB09B-B2AB-4B53-8E80-B09F27229AEA}.Debug|x64.ActiveCfg = Debug|Any CPU
		{68FDB09B-B2AB-4B53-8E80-B09F27229AEA}.Debug|x64.Build.0 = Debug|Any CPU
		{68FDB09B-B2AB-4B53-8E80-B09F27229AEA}.Debug|x86.ActiveCfg = Debug|Any CPU
		{68FDB09B-B2AB-4B53-8E80-B09F27229AEA}.Debug|x86.Build.0 = Debug|Any CPU
		{68FDB09B-B2AB-4B53-8E80-B09F27229AEA}.Release|Any CPU.ActiveCfg = Release|Any CPU
		{68FDB09B-B2AB-4B53-8E80-B09F27229AEA}.Release|Any CPU.Build.0 = Release|Any CPU
		{68FDB09B-B2AB-4B53-8E80-B09F27229AEA}.Release|ARM.ActiveCfg = Release|Any CPU
		{68FDB09B-B2AB-4B53-8E80-B09F27229AEA}.Release|ARM.Build.0 = Release|Any CPU
		{68FDB09B-B2AB-4B53-8E80-B09F27229AEA}.Release|iPhone.ActiveCfg = Release|Any CPU
		{68FDB09B-B2AB-4B53-8E80-B09F27229AEA}.Release|iPhone.Build.0 = Release|Any CPU
		{68FDB09B-B2AB-4B53-8E80-B09F27229AEA}.Release|iPhoneSimulator.ActiveCfg = Release|Any CPU
		{68FDB09B-B2AB-4B53-8E80-B09F27229AEA}.Release|iPhoneSimulator.Build.0 = Release|Any CPU
		{68FDB09B-B2AB-4B53-8E80-B09F27229AEA}.Release|x64.ActiveCfg = Release|Any CPU
		{68FDB09B-B2AB-4B53-8E80-B09F27229AEA}.Release|x64.Build.0 = Release|Any CPU
		{68FDB09B-B2AB-4B53-8E80-B09F27229AEA}.Release|x86.ActiveCfg = Release|Any CPU
		{68FDB09B-B2AB-4B53-8E80-B09F27229AEA}.Release|x86.Build.0 = Release|Any CPU
	EndGlobalSection
	GlobalSection(SolutionProperties) = preSolution
		HideSolutionNode = FALSE
	EndGlobalSection
EndGlobal
